// !$*UTF8*$!
{
	archiveVersion = 1;
	classes = {
	};
	objectVersion = 50;
	objects = {

/* Begin PBXBuildFile section */
		6016A53E21777AC400AA931C /* System+Plane+Logic.swift in Sources */ = {isa = PBXBuildFile; fileRef = 6016A53D21777AC400AA931C /* System+Plane+Logic.swift */; };
		6043B567217744A900BD016D /* AppDelegate.swift in Sources */ = {isa = PBXBuildFile; fileRef = 6043B566217744A900BD016D /* AppDelegate.swift */; };
		6043B569217744A900BD016D /* ViewController.swift in Sources */ = {isa = PBXBuildFile; fileRef = 6043B568217744A900BD016D /* ViewController.swift */; };
		6043B56C217744A900BD016D /* Main.storyboard in Resources */ = {isa = PBXBuildFile; fileRef = 6043B56A217744A900BD016D /* Main.storyboard */; };
		6043B56E217744AB00BD016D /* Assets.xcassets in Resources */ = {isa = PBXBuildFile; fileRef = 6043B56D217744AB00BD016D /* Assets.xcassets */; };
		6043B571217744AB00BD016D /* LaunchScreen.storyboard in Resources */ = {isa = PBXBuildFile; fileRef = 6043B56F217744AB00BD016D /* LaunchScreen.storyboard */; };
		6043B57A2177459C00BD016D /* System.swift in Sources */ = {isa = PBXBuildFile; fileRef = 6043B5792177459C00BD016D /* System.swift */; };
		6043B57C217745E100BD016D /* System+Status.swift in Sources */ = {isa = PBXBuildFile; fileRef = 6043B57B217745E100BD016D /* System+Status.swift */; };
		6043B57E2177461700BD016D /* System+Command.swift in Sources */ = {isa = PBXBuildFile; fileRef = 6043B57D2177461700BD016D /* System+Command.swift */; };
		6043B5802177468500BD016D /* SystemDelegate.swift in Sources */ = {isa = PBXBuildFile; fileRef = 6043B57F2177468500BD016D /* SystemDelegate.swift */; };
		6043B58221774EDE00BD016D /* System+Action.swift in Sources */ = {isa = PBXBuildFile; fileRef = 6043B58121774EDE00BD016D /* System+Action.swift */; };
		6043B58421774F3500BD016D /* System+Logic.swift in Sources */ = {isa = PBXBuildFile; fileRef = 6043B58321774F3500BD016D /* System+Logic.swift */; };
		6043B5872177605400BD016D /* Plane.swift in Sources */ = {isa = PBXBuildFile; fileRef = 6043B5862177605400BD016D /* Plane.swift */; };
		6043B5892177609600BD016D /* BorderPlaneGeometry.swift in Sources */ = {isa = PBXBuildFile; fileRef = 6043B5882177609600BD016D /* BorderPlaneGeometry.swift */; };
		6043B58B217760C100BD016D /* Assets.scnassets in Resources */ = {isa = PBXBuildFile; fileRef = 6043B58A217760C100BD016D /* Assets.scnassets */; };
		6043B58D217761AE00BD016D /* BorderPlane.swift in Sources */ = {isa = PBXBuildFile; fileRef = 6043B58C217761AE00BD016D /* BorderPlane.swift */; };
		6043B58F2177628D00BD016D /* MeshPlane.swift in Sources */ = {isa = PBXBuildFile; fileRef = 6043B58E2177628D00BD016D /* MeshPlane.swift */; };
/* End PBXBuildFile section */

/* Begin PBXFileReference section */
		6016A53D21777AC400AA931C /* System+Plane+Logic.swift */ = {isa = PBXFileReference; lastKnownFileType = sourcecode.swift; path = "System+Plane+Logic.swift"; sourceTree = "<group>"; };
		6043B563217744A900BD016D /* ARVideoPlayer.app */ = {isa = PBXFileReference; explicitFileType = wrapper.application; includeInIndex = 0; path = ARVideoPlayer.app; sourceTree = BUILT_PRODUCTS_DIR; };
		6043B566217744A900BD016D /* AppDelegate.swift */ = {isa = PBXFileReference; lastKnownFileType = sourcecode.swift; path = AppDelegate.swift; sourceTree = "<group>"; };
		6043B568217744A900BD016D /* ViewController.swift */ = {isa = PBXFileReference; lastKnownFileType = sourcecode.swift; path = ViewController.swift; sourceTree = "<group>"; };
		6043B56B217744A900BD016D /* Base */ = {isa = PBXFileReference; lastKnownFileType = file.storyboard; name = Base; path = Base.lproj/Main.storyboard; sourceTree = "<group>"; };
		6043B56D217744AB00BD016D /* Assets.xcassets */ = {isa = PBXFileReference; lastKnownFileType = folder.assetcatalog; path = Assets.xcassets; sourceTree = "<group>"; };
		6043B570217744AB00BD016D /* Base */ = {isa = PBXFileReference; lastKnownFileType = file.storyboard; name = Base; path = Base.lproj/LaunchScreen.storyboard; sourceTree = "<group>"; };
		6043B572217744AB00BD016D /* Info.plist */ = {isa = PBXFileReference; lastKnownFileType = text.plist.xml; path = Info.plist; sourceTree = "<group>"; };
		6043B5792177459C00BD016D /* System.swift */ = {isa = PBXFileReference; lastKnownFileType = sourcecode.swift; path = System.swift; sourceTree = "<group>"; };
		6043B57B217745E100BD016D /* System+Status.swift */ = {isa = PBXFileReference; lastKnownFileType = sourcecode.swift; path = "System+Status.swift"; sourceTree = "<group>"; };
		6043B57D2177461700BD016D /* System+Command.swift */ = {isa = PBXFileReference; lastKnownFileType = sourcecode.swift; path = "System+Command.swift"; sourceTree = "<group>"; };
		6043B57F2177468500BD016D /* SystemDelegate.swift */ = {isa = PBXFileReference; lastKnownFileType = sourcecode.swift; path = SystemDelegate.swift; sourceTree = "<group>"; };
		6043B58121774EDE00BD016D /* System+Action.swift */ = {isa = PBXFileReference; lastKnownFileType = sourcecode.swift; path = "System+Action.swift"; sourceTree = "<group>"; };
		6043B58321774F3500BD016D /* System+Logic.swift */ = {isa = PBXFileReference; lastKnownFileType = sourcecode.swift; path = "System+Logic.swift"; sourceTree = "<group>"; };
		6043B5862177605400BD016D /* Plane.swift */ = {isa = PBXFileReference; lastKnownFileType = sourcecode.swift; path = Plane.swift; sourceTree = "<group>"; };
		6043B5882177609600BD016D /* BorderPlaneGeometry.swift */ = {isa = PBXFileReference; lastKnownFileType = sourcecode.swift; path = BorderPlaneGeometry.swift; sourceTree = "<group>"; };
		6043B58A217760C100BD016D /* Assets.scnassets */ = {isa = PBXFileReference; lastKnownFileType = wrapper.scnassets; path = Assets.scnassets; sourceTree = "<group>"; };
		6043B58C217761AE00BD016D /* BorderPlane.swift */ = {isa = PBXFileReference; lastKnownFileType = sourcecode.swift; path = BorderPlane.swift; sourceTree = "<group>"; };
		6043B58E2177628D00BD016D /* MeshPlane.swift */ = {isa = PBXFileReference; lastKnownFileType = sourcecode.swift; path = MeshPlane.swift; sourceTree = "<group>"; };
/* End PBXFileReference section */

/* Begin PBXFrameworksBuildPhase section */
		6043B560217744A900BD016D /* Frameworks */ = {
			isa = PBXFrameworksBuildPhase;
			buildActionMask = 2147483647;
			files = (
			);
			runOnlyForDeploymentPostprocessing = 0;
		};
/* End PBXFrameworksBuildPhase section */

/* Begin PBXGroup section */
		6016A53A21777A2F00AA931C /* Plane */ = {
			isa = PBXGroup;
			children = (
				6043B5862177605400BD016D /* Plane.swift */,
				6016A53B21777A3600AA931C /* Border */,
				6043B58E2177628D00BD016D /* MeshPlane.swift */,
			);
			path = Plane;
			sourceTree = "<group>";
		};
		6016A53B21777A3600AA931C /* Border */ = {
			isa = PBXGroup;
			children = (
				6043B58C217761AE00BD016D /* BorderPlane.swift */,
				6043B5882177609600BD016D /* BorderPlaneGeometry.swift */,
			);
			path = Border;
			sourceTree = "<group>";
		};
		6016A53C21777AB000AA931C /* Logic */ = {
			isa = PBXGroup;
			children = (
				6043B58321774F3500BD016D /* System+Logic.swift */,
				6016A53D21777AC400AA931C /* System+Plane+Logic.swift */,
			);
			path = Logic;
			sourceTree = "<group>";
		};
		6043B55A217744A900BD016D = {
			isa = PBXGroup;
			children = (
				6043B565217744A900BD016D /* ARVideoPlayer */,
				6043B564217744A900BD016D /* Products */,
			);
			sourceTree = "<group>";
		};
		6043B564217744A900BD016D /* Products */ = {
			isa = PBXGroup;
			children = (
				6043B563217744A900BD016D /* ARVideoPlayer.app */,
			);
			name = Products;
			sourceTree = "<group>";
		};
		6043B565217744A900BD016D /* ARVideoPlayer */ = {
			isa = PBXGroup;
			children = (
				6043B566217744A900BD016D /* AppDelegate.swift */,
				6043B5852177604A00BD016D /* Node */,
				6043B5782177458900BD016D /* System */,
				6043B568217744A900BD016D /* ViewController.swift */,
				6043B56A217744A900BD016D /* Main.storyboard */,
				6043B58A217760C100BD016D /* Assets.scnassets */,
				6043B56D217744AB00BD016D /* Assets.xcassets */,
				6043B56F217744AB00BD016D /* LaunchScreen.storyboard */,
				6043B572217744AB00BD016D /* Info.plist */,
			);
			path = ARVideoPlayer;
			sourceTree = "<group>";
		};
		6043B5782177458900BD016D /* System */ = {
			isa = PBXGroup;
			children = (
				6043B5792177459C00BD016D /* System.swift */,
				6043B57B217745E100BD016D /* System+Status.swift */,
				6043B57D2177461700BD016D /* System+Command.swift */,
				6043B58121774EDE00BD016D /* System+Action.swift */,
				6043B57F2177468500BD016D /* SystemDelegate.swift */,
				6016A53C21777AB000AA931C /* Logic */,
			);
			path = System;
			sourceTree = "<group>";
		};
		6043B5852177604A00BD016D /* Node */ = {
			isa = PBXGroup;
			children = (
				6016A53A21777A2F00AA931C /* Plane */,
			);
			path = Node;
			sourceTree = "<group>";
		};
/* End PBXGroup section */

/* Begin PBXNativeTarget section */
		6043B562217744A900BD016D /* ARVideoPlayer */ = {
			isa = PBXNativeTarget;
			buildConfigurationList = 6043B575217744AB00BD016D /* Build configuration list for PBXNativeTarget "ARVideoPlayer" */;
			buildPhases = (
				6043B55F217744A900BD016D /* Sources */,
				6043B560217744A900BD016D /* Frameworks */,
				6043B561217744A900BD016D /* Resources */,
			);
			buildRules = (
			);
			dependencies = (
			);
			name = ARVideoPlayer;
			productName = ARVideoPlayer;
			productReference = 6043B563217744A900BD016D /* ARVideoPlayer.app */;
			productType = "com.apple.product-type.application";
		};
/* End PBXNativeTarget section */

/* Begin PBXProject section */
		6043B55B217744A900BD016D /* Project object */ = {
			isa = PBXProject;
			attributes = {
				LastSwiftUpdateCheck = 1000;
				LastUpgradeCheck = 1000;
				ORGANIZATIONNAME = tokijh;
				TargetAttributes = {
					6043B562217744A900BD016D = {
						CreatedOnToolsVersion = 10.0;
					};
				};
			};
			buildConfigurationList = 6043B55E217744A900BD016D /* Build configuration list for PBXProject "ARVideoPlayer" */;
			compatibilityVersion = "Xcode 9.3";
			developmentRegion = en;
			hasScannedForEncodings = 0;
			knownRegions = (
				en,
				Base,
			);
			mainGroup = 6043B55A217744A900BD016D;
			productRefGroup = 6043B564217744A900BD016D /* Products */;
			projectDirPath = "";
			projectRoot = "";
			targets = (
				6043B562217744A900BD016D /* ARVideoPlayer */,
			);
		};
/* End PBXProject section */

/* Begin PBXResourcesBuildPhase section */
		6043B561217744A900BD016D /* Resources */ = {
			isa = PBXResourcesBuildPhase;
			buildActionMask = 2147483647;
			files = (
				6043B58B217760C100BD016D /* Assets.scnassets in Resources */,
				6043B571217744AB00BD016D /* LaunchScreen.storyboard in Resources */,
				6043B56E217744AB00BD016D /* Assets.xcassets in Resources */,
				6043B56C217744A900BD016D /* Main.storyboard in Resources */,
			);
			runOnlyForDeploymentPostprocessing = 0;
		};
/* End PBXResourcesBuildPhase section */

/* Begin PBXSourcesBuildPhase section */
		6043B55F217744A900BD016D /* Sources */ = {
			isa = PBXSourcesBuildPhase;
			buildActionMask = 2147483647;
			files = (
				6043B58221774EDE00BD016D /* System+Action.swift in Sources */,
				6043B569217744A900BD016D /* ViewController.swift in Sources */,
				6043B57A2177459C00BD016D /* System.swift in Sources */,
				6043B58421774F3500BD016D /* System+Logic.swift in Sources */,
				6043B5872177605400BD016D /* Plane.swift in Sources */,
				6043B57C217745E100BD016D /* System+Status.swift in Sources */,
				6043B567217744A900BD016D /* AppDelegate.swift in Sources */,
				6043B58D217761AE00BD016D /* BorderPlane.swift in Sources */,
				6016A53E21777AC400AA931C /* System+Plane+Logic.swift in Sources */,
				6043B57E2177461700BD016D /* System+Command.swift in Sources */,
				6043B58F2177628D00BD016D /* MeshPlane.swift in Sources */,
				6043B5892177609600BD016D /* BorderPlaneGeometry.swift in Sources */,
				6043B5802177468500BD016D /* SystemDelegate.swift in Sources */,
			);
			runOnlyForDeploymentPostprocessing = 0;
		};
/* End PBXSourcesBuildPhase section */

/* Begin PBXVariantGroup section */
		6043B56A217744A900BD016D /* Main.storyboard */ = {
			isa = PBXVariantGroup;
			children = (
				6043B56B217744A900BD016D /* Base */,
			);
			name = Main.storyboard;
			sourceTree = "<group>";
		};
		6043B56F217744AB00BD016D /* LaunchScreen.storyboard */ = {
			isa = PBXVariantGroup;
			children = (
				6043B570217744AB00BD016D /* Base */,
			);
			name = LaunchScreen.storyboard;
			sourceTree = "<group>";
		};
/* End PBXVariantGroup section */

/* Begin XCBuildConfiguration section */
		6043B573217744AB00BD016D /* Debug */ = {
			isa = XCBuildConfiguration;
			buildSettings = {
				ALWAYS_SEARCH_USER_PATHS = NO;
				CLANG_ANALYZER_NONNULL = YES;
				CLANG_ANALYZER_NUMBER_OBJECT_CONVERSION = YES_AGGRESSIVE;
				CLANG_CXX_LANGUAGE_STANDARD = "gnu++14";
				CLANG_CXX_LIBRARY = "libc++";
				CLANG_ENABLE_MODULES = YES;
				CLANG_ENABLE_OBJC_ARC = YES;
				CLANG_ENABLE_OBJC_WEAK = YES;
				CLANG_WARN_BLOCK_CAPTURE_AUTORELEASING = YES;
				CLANG_WARN_BOOL_CONVERSION = YES;
				CLANG_WARN_COMMA = YES;
				CLANG_WARN_CONSTANT_CONVERSION = YES;
				CLANG_WARN_DEPRECATED_OBJC_IMPLEMENTATIONS = YES;
				CLANG_WARN_DIRECT_OBJC_ISA_USAGE = YES_ERROR;
				CLANG_WARN_DOCUMENTATION_COMMENTS = YES;
				CLANG_WARN_EMPTY_BODY = YES;
				CLANG_WARN_ENUM_CONVERSION = YES;
				CLANG_WARN_INFINITE_RECURSION = YES;
				CLANG_WARN_INT_CONVERSION = YES;
				CLANG_WARN_NON_LITERAL_NULL_CONVERSION = YES;
				CLANG_WARN_OBJC_IMPLICIT_RETAIN_SELF = YES;
				CLANG_WARN_OBJC_LITERAL_CONVERSION = YES;
				CLANG_WARN_OBJC_ROOT_CLASS = YES_ERROR;
				CLANG_WARN_RANGE_LOOP_ANALYSIS = YES;
				CLANG_WARN_STRICT_PROTOTYPES = YES;
				CLANG_WARN_SUSPICIOUS_MOVE = YES;
				CLANG_WARN_UNGUARDED_AVAILABILITY = YES_AGGRESSIVE;
				CLANG_WARN_UNREACHABLE_CODE = YES;
				CLANG_WARN__DUPLICATE_METHOD_MATCH = YES;
				CODE_SIGN_IDENTITY = "iPhone Developer";
				COPY_PHASE_STRIP = NO;
				DEBUG_INFORMATION_FORMAT = dwarf;
				ENABLE_STRICT_OBJC_MSGSEND = YES;
				ENABLE_TESTABILITY = YES;
				GCC_C_LANGUAGE_STANDARD = gnu11;
				GCC_DYNAMIC_NO_PIC = NO;
				GCC_NO_COMMON_BLOCKS = YES;
				GCC_OPTIMIZATION_LEVEL = 0;
				GCC_PREPROCESSOR_DEFINITIONS = (
					"DEBUG=1",
					"$(inherited)",
				);
				GCC_WARN_64_TO_32_BIT_CONVERSION = YES;
				GCC_WARN_ABOUT_RETURN_TYPE = YES_ERROR;
				GCC_WARN_UNDECLARED_SELECTOR = YES;
				GCC_WARN_UNINITIALIZED_AUTOS = YES_AGGRESSIVE;
				GCC_WARN_UNUSED_FUNCTION = YES;
				GCC_WARN_UNUSED_VARIABLE = YES;
				IPHONEOS_DEPLOYMENT_TARGET = 12.0;
				MTL_ENABLE_DEBUG_INFO = INCLUDE_SOURCE;
				MTL_FAST_MATH = YES;
				ONLY_ACTIVE_ARCH = YES;
				SDKROOT = iphoneos;
				SWIFT_ACTIVE_COMPILATION_CONDITIONS = DEBUG;
				SWIFT_OPTIMIZATION_LEVEL = "-Onone";
			};
			name = Debug;
		};
		6043B574217744AB00BD016D /* Release */ = {
			isa = XCBuildConfiguration;
			buildSettings = {
				ALWAYS_SEARCH_USER_PATHS = NO;
				CLANG_ANALYZER_NONNULL = YES;
				CLANG_ANALYZER_NUMBER_OBJECT_CONVERSION = YES_AGGRESSIVE;
				CLANG_CXX_LANGUAGE_STANDARD = "gnu++14";
				CLANG_CXX_LIBRARY = "libc++";
				CLANG_ENABLE_MODULES = YES;
				CLANG_ENABLE_OBJC_ARC = YES;
				CLANG_ENABLE_OBJC_WEAK = YES;
				CLANG_WARN_BLOCK_CAPTURE_AUTORELEASING = YES;
				CLANG_WARN_BOOL_CONVERSION = YES;
				CLANG_WARN_COMMA = YES;
				CLANG_WARN_CONSTANT_CONVERSION = YES;
				CLANG_WARN_DEPRECATED_OBJC_IMPLEMENTATIONS = YES;
				CLANG_WARN_DIRECT_OBJC_ISA_USAGE = YES_ERROR;
				CLANG_WARN_DOCUMENTATION_COMMENTS = YES;
				CLANG_WARN_EMPTY_BODY = YES;
				CLANG_WARN_ENUM_CONVERSION = YES;
				CLANG_WARN_INFINITE_RECURSION = YES;
				CLANG_WARN_INT_CONVERSION = YES;
				CLANG_WARN_NON_LITERAL_NULL_CONVERSION = YES;
				CLANG_WARN_OBJC_IMPLICIT_RETAIN_SELF = YES;
				CLANG_WARN_OBJC_LITERAL_CONVERSION = YES;
				CLANG_WARN_OBJC_ROOT_CLASS = YES_ERROR;
				CLANG_WARN_RANGE_LOOP_ANALYSIS = YES;
				CLANG_WARN_STRICT_PROTOTYPES = YES;
				CLANG_WARN_SUSPICIOUS_MOVE = YES;
				CLANG_WARN_UNGUARDED_AVAILABILITY = YES_AGGRESSIVE;
				CLANG_WARN_UNREACHABLE_CODE = YES;
				CLANG_WARN__DUPLICATE_METHOD_MATCH = YES;
				CODE_SIGN_IDENTITY = "iPhone Developer";
				COPY_PHASE_STRIP = NO;
				DEBUG_INFORMATION_FORMAT = "dwarf-with-dsym";
				ENABLE_NS_ASSERTIONS = NO;
				ENABLE_STRICT_OBJC_MSGSEND = YES;
				GCC_C_LANGUAGE_STANDARD = gnu11;
				GCC_NO_COMMON_BLOCKS = YES;
				GCC_WARN_64_TO_32_BIT_CONVERSION = YES;
				GCC_WARN_ABOUT_RETURN_TYPE = YES_ERROR;
				GCC_WARN_UNDECLARED_SELECTOR = YES;
				GCC_WARN_UNINITIALIZED_AUTOS = YES_AGGRESSIVE;
				GCC_WARN_UNUSED_FUNCTION = YES;
				GCC_WARN_UNUSED_VARIABLE = YES;
				IPHONEOS_DEPLOYMENT_TARGET = 12.0;
				MTL_ENABLE_DEBUG_INFO = NO;
				MTL_FAST_MATH = YES;
				SDKROOT = iphoneos;
				SWIFT_COMPILATION_MODE = wholemodule;
				SWIFT_OPTIMIZATION_LEVEL = "-O";
				VALIDATE_PRODUCT = YES;
			};
			name = Release;
		};
		6043B576217744AB00BD016D /* Debug */ = {
			isa = XCBuildConfiguration;
			buildSettings = {
				ASSETCATALOG_COMPILER_APPICON_NAME = AppIcon;
				CODE_SIGN_STYLE = Automatic;
				DEVELOPMENT_TEAM = 46KGHHF73Q;
				INFOPLIST_FILE = ARVideoPlayer/Info.plist;
				IPHONEOS_DEPLOYMENT_TARGET = 11.0;
				LD_RUNPATH_SEARCH_PATHS = (
					"$(inherited)",
					"@executable_path/Frameworks",
				);
				PRODUCT_BUNDLE_IDENTIFIER = tokijh.com.ARVideoPlayer;
				PRODUCT_NAME = "$(TARGET_NAME)";
				SWIFT_VERSION = 4.2;
				TARGETED_DEVICE_FAMILY = "1,2";
			};
			name = Debug;
		};
		6043B577217744AB00BD016D /* Release */ = {
			isa = XCBuildConfiguration;
			buildSettings = {
				ASSETCATALOG_COMPILER_APPICON_NAME = AppIcon;
				CODE_SIGN_STYLE = Automatic;
				DEVELOPMENT_TEAM = 46KGHHF73Q;
				INFOPLIST_FILE = ARVideoPlayer/Info.plist;
				IPHONEOS_DEPLOYMENT_TARGET = 11.0;
				LD_RUNPATH_SEARCH_PATHS = (
					"$(inherited)",
					"@executable_path/Frameworks",
				);
				PRODUCT_BUNDLE_IDENTIFIER = tokijh.com.ARVideoPlayer;
				PRODUCT_NAME = "$(TARGET_NAME)";
				SWIFT_VERSION = 4.2;
				TARGETED_DEVICE_FAMILY = "1,2";
			};
			name = Release;
		};
/* End XCBuildConfiguration section */

/* Begin XCConfigurationList section */
		6043B55E217744A900BD016D /* Build configuration list for PBXProject "ARVideoPlayer" */ = {
			isa = XCConfigurationList;
			buildConfigurations = (
				6043B573217744AB00BD016D /* Debug */,
				6043B574217744AB00BD016D /* Release */,
			);
			defaultConfigurationIsVisible = 0;
			defaultConfigurationName = Release;
		};
		6043B575217744AB00BD016D /* Build configuration list for PBXNativeTarget "ARVideoPlayer" */ = {
			isa = XCConfigurationList;
			buildConfigurations = (
				6043B576217744AB00BD016D /* Debug */,
				6043B577217744AB00BD016D /* Release */,
			);
			defaultConfigurationIsVisible = 0;
			defaultConfigurationName = Release;
		};
/* End XCConfigurationList section */
	};
	rootObject = 6043B55B217744A900BD016D /* Project object */;
}
